// !$*UTF8*$!
{
	archiveVersion = 1;
	classes = {
	};
	objectVersion = 46;
	objects = {

/* Begin PBXBuildFile section */
		0BC4A33E1E633F3200A4B808 /* AppDelegate.swift in Sources */ = {isa = PBXBuildFile; fileRef = 0BC4A33D1E633F3200A4B808 /* AppDelegate.swift */; };
		0BC4A3401E633F3200A4B808 /* ViewController.swift in Sources */ = {isa = PBXBuildFile; fileRef = 0BC4A33F1E633F3200A4B808 /* ViewController.swift */; };
		0BC4A3431E633F3200A4B808 /* Main.storyboard in Resources */ = {isa = PBXBuildFile; fileRef = 0BC4A3411E633F3200A4B808 /* Main.storyboard */; };
		0BC4A3451E633F3200A4B808 /* Assets.xcassets in Resources */ = {isa = PBXBuildFile; fileRef = 0BC4A3441E633F3200A4B808 /* Assets.xcassets */; };
		0BC4A3481E633F3200A4B808 /* LaunchScreen.storyboard in Resources */ = {isa = PBXBuildFile; fileRef = 0BC4A3461E633F3200A4B808 /* LaunchScreen.storyboard */; };
		0BC4A3531E633F3300A4B808 /* Calculator_ApplicationTests.swift in Sources */ = {isa = PBXBuildFile; fileRef = 0BC4A3521E633F3300A4B808 /* Calculator_ApplicationTests.swift */; };
		0BC4A35E1E633F3300A4B808 /* Calculator_ApplicationUITests.swift in Sources */ = {isa = PBXBuildFile; fileRef = 0BC4A35D1E633F3300A4B808 /* Calculator_ApplicationUITests.swift */; };
/* End PBXBuildFile section */

/* Begin PBXContainerItemProxy section */
		0BC4A34F1E633F3300A4B808 /* PBXContainerItemProxy */ = {
			isa = PBXContainerItemProxy;
			containerPortal = 0BC4A3321E633F3200A4B808 /* Project object */;
			proxyType = 1;
			remoteGlobalIDString = 0BC4A3391E633F3200A4B808;
			remoteInfo = "Calculator Application";
		};
		0BC4A35A1E633F3300A4B808 /* PBXContainerItemProxy */ = {
			isa = PBXContainerItemProxy;
			containerPortal = 0BC4A3321E633F3200A4B808 /* Project object */;
			proxyType = 1;
			remoteGlobalIDString = 0BC4A3391E633F3200A4B808;
			remoteInfo = "Calculator Application";
		};
/* End PBXContainerItemProxy section */

/* Begin PBXFileReference section */
		0BC4A33A1E633F3200A4B808 /* Calculator Application.app */ = {isa = PBXFileReference; explicitFileType = wrapper.application; includeInIndex = 0; path = "Calculator Application.app"; sourceTree = BUILT_PRODUCTS_DIR; };
		0BC4A33D1E633F3200A4B808 /* AppDelegate.swift */ = {isa = PBXFileReference; lastKnownFileType = sourcecode.swift; path = AppDelegate.swift; sourceTree = "<group>"; };
		0BC4A33F1E633F3200A4B808 /* ViewController.swift */ = {isa = PBXFileReference; lastKnownFileType = sourcecode.swift; path = ViewController.swift; sourceTree = "<group>"; };
		0BC4A3421E633F3200A4B808 /* Base */ = {isa = PBXFileReference; lastKnownFileType = file.storyboard; name = Base; path = Base.lproj/Main.storyboard; sourceTree = "<group>"; };
		0BC4A3441E633F3200A4B808 /* Assets.xcassets */ = {isa = PBXFileReference; lastKnownFileType = folder.assetcatalog; path = Assets.xcassets; sourceTree = "<group>"; };
		0BC4A3471E633F3200A4B808 /* Base */ = {isa = PBXFileReference; lastKnownFileType = file.storyboard; name = Base; path = Base.lproj/LaunchScreen.storyboard; sourceTree = "<group>"; };
		0BC4A3491E633F3200A4B808 /* Info.plist */ = {isa = PBXFileReference; lastKnownFileType = text.plist.xml; path = Info.plist; sourceTree = "<group>"; };
		0BC4A34E1E633F3300A4B808 /* Calculator ApplicationTests.xctest */ = {isa = PBXFileReference; explicitFileType = wrapper.cfbundle; includeInIndex = 0; path = "Calculator ApplicationTests.xctest"; sourceTree = BUILT_PRODUCTS_DIR; };
		0BC4A3521E633F3300A4B808 /* Calculator_ApplicationTests.swift */ = {isa = PBXFileReference; lastKnownFileType = sourcecode.swift; path = Calculator_ApplicationTests.swift; sourceTree = "<group>"; };
		0BC4A3541E633F3300A4B808 /* Info.plist */ = {isa = PBXFileReference; lastKnownFileType = text.plist.xml; path = Info.plist; sourceTree = "<group>"; };
		0BC4A3591E633F3300A4B808 /* Calculator ApplicationUITests.xctest */ = {isa = PBXFileReference; explicitFileType = wrapper.cfbundle; includeInIndex = 0; path = "Calculator ApplicationUITests.xctest"; sourceTree = BUILT_PRODUCTS_DIR; };
		0BC4A35D1E633F3300A4B808 /* Calculator_ApplicationUITests.swift */ = {isa = PBXFileReference; lastKnownFileType = sourcecode.swift; path = Calculator_ApplicationUITests.swift; sourceTree = "<group>"; };
		0BC4A35F1E633F3300A4B808 /* Info.plist */ = {isa = PBXFileReference; lastKnownFileType = text.plist.xml; path = Info.plist; sourceTree = "<group>"; };
/* End PBXFileReference section */

/* Begin PBXFrameworksBuildPhase section */
		0BC4A3371E633F3200A4B808 /* Frameworks */ = {
			isa = PBXFrameworksBuildPhase;
			buildActionMask = 2147483647;
			files = (
			);
			runOnlyForDeploymentPostprocessing = 0;
		};
		0BC4A34B1E633F3300A4B808 /* Frameworks */ = {
			isa = PBXFrameworksBuildPhase;
			buildActionMask = 2147483647;
			files = (
			);
			runOnlyForDeploymentPostprocessing = 0;
		};
		0BC4A3561E633F3300A4B808 /* Frameworks */ = {
			isa = PBXFrameworksBuildPhase;
			buildActionMask = 2147483647;
			files = (
			);
			runOnlyForDeploymentPostprocessing = 0;
		};
/* End PBXFrameworksBuildPhase section */

/* Begin PBXGroup section */
		0BC4A3311E633F3200A4B808 = {
			isa = PBXGroup;
			children = (
				0BC4A33C1E633F3200A4B808 /* Calculator Application */,
				0BC4A3511E633F3300A4B808 /* Calculator ApplicationTests */,
				0BC4A35C1E633F3300A4B808 /* Calculator ApplicationUITests */,
				0BC4A33B1E633F3200A4B808 /* Products */,
			);
			sourceTree = "<group>";
		};
		0BC4A33B1E633F3200A4B808 /* Products */ = {
			isa = PBXGroup;
			children = (
				0BC4A33A1E633F3200A4B808 /* Calculator Application.app */,
				0BC4A34E1E633F3300A4B808 /* Calculator ApplicationTests.xctest */,
				0BC4A3591E633F3300A4B808 /* Calculator ApplicationUITests.xctest */,
			);
			name = Products;
			sourceTree = "<group>";
		};
		0BC4A33C1E633F3200A4B808 /* Calculator Application */ = {
			isa = PBXGroup;
			children = (
				0BC4A33D1E633F3200A4B808 /* AppDelegate.swift */,
				0BC4A33F1E633F3200A4B808 /* ViewController.swift */,
				0BC4A3411E633F3200A4B808 /* Main.storyboard */,
				0BC4A3441E633F3200A4B808 /* Assets.xcassets */,
				0BC4A3461E633F3200A4B808 /* LaunchScreen.storyboard */,
				0BC4A3491E633F3200A4B808 /* Info.plist */,
			);
			path = "Calculator Application";
			sourceTree = "<group>";
		};
		0BC4A3511E633F3300A4B808 /* Calculator ApplicationTests */ = {
			isa = PBXGroup;
			children = (
				0BC4A3521E633F3300A4B808 /* Calculator_ApplicationTests.swift */,
				0BC4A3541E633F3300A4B808 /* Info.plist */,
			);
			path = "Calculator ApplicationTests";
			sourceTree = "<group>";
		};
		0BC4A35C1E633F3300A4B808 /* Calculator ApplicationUITests */ = {
			isa = PBXGroup;
			children = (
				0BC4A35D1E633F3300A4B808 /* Calculator_ApplicationUITests.swift */,
				0BC4A35F1E633F3300A4B808 /* Info.plist */,
			);
			path = "Calculator ApplicationUITests";
			sourceTree = "<group>";
		};
/* End PBXGroup section */

/* Begin PBXNativeTarget section */
		0BC4A3391E633F3200A4B808 /* Calculator Application */ = {
			isa = PBXNativeTarget;
			buildConfigurationList = 0BC4A3621E633F3300A4B808 /* Build configuration list for PBXNativeTarget "Calculator Application" */;
			buildPhases = (
				0BC4A3361E633F3200A4B808 /* Sources */,
				0BC4A3371E633F3200A4B808 /* Frameworks */,
				0BC4A3381E633F3200A4B808 /* Resources */,
			);
			buildRules = (
			);
			dependencies = (
			);
			name = "Calculator Application";
			productName = "Calculator Application";
			productReference = 0BC4A33A1E633F3200A4B808 /* Calculator Application.app */;
			productType = "com.apple.product-type.application";
		};
		0BC4A34D1E633F3300A4B808 /* Calculator ApplicationTests */ = {
			isa = PBXNativeTarget;
			buildConfigurationList = 0BC4A3651E633F3300A4B808 /* Build configuration list for PBXNativeTarget "Calculator ApplicationTests" */;
			buildPhases = (
				0BC4A34A1E633F3300A4B808 /* Sources */,
				0BC4A34B1E633F3300A4B808 /* Frameworks */,
				0BC4A34C1E633F3300A4B808 /* Resources */,
			);
			buildRules = (
			);
			dependencies = (
				0BC4A3501E633F3300A4B808 /* PBXTargetDependency */,
			);
			name = "Calculator ApplicationTests";
			productName = "Calculator ApplicationTests";
			productReference = 0BC4A34E1E633F3300A4B808 /* Calculator ApplicationTests.xctest */;
			productType = "com.apple.product-type.bundle.unit-test";
		};
		0BC4A3581E633F3300A4B808 /* Calculator ApplicationUITests */ = {
			isa = PBXNativeTarget;
			buildConfigurationList = 0BC4A3681E633F3300A4B808 /* Build configuration list for PBXNativeTarget "Calculator ApplicationUITests" */;
			buildPhases = (
				0BC4A3551E633F3300A4B808 /* Sources */,
				0BC4A3561E633F3300A4B808 /* Frameworks */,
				0BC4A3571E633F3300A4B808 /* Resources */,
			);
			buildRules = (
			);
			dependencies = (
				0BC4A35B1E633F3300A4B808 /* PBXTargetDependency */,
			);
			name = "Calculator ApplicationUITests";
			productName = "Calculator ApplicationUITests";
			productReference = 0BC4A3591E633F3300A4B808 /* Calculator ApplicationUITests.xctest */;
			productType = "com.apple.product-type.bundle.ui-testing";
		};
/* End PBXNativeTarget section */

/* Begin PBXProject section */
		0BC4A3321E633F3200A4B808 /* Project object */ = {
			isa = PBXProject;
			attributes = {
				LastSwiftUpdateCheck = 0820;
				LastUpgradeCheck = 0820;
				ORGANIZATIONNAME = MaxwellFrederickson;
				TargetAttributes = {
					0BC4A3391E633F3200A4B808 = {
						CreatedOnToolsVersion = 8.2.1;
						DevelopmentTeam = GZW2B37KQW;
						ProvisioningStyle = Automatic;
					};
					0BC4A34D1E633F3300A4B808 = {
						CreatedOnToolsVersion = 8.2.1;
						DevelopmentTeam = GZW2B37KQW;
						ProvisioningStyle = Automatic;
						TestTargetID = 0BC4A3391E633F3200A4B808;
					};
					0BC4A3581E633F3300A4B808 = {
						CreatedOnToolsVersion = 8.2.1;
						DevelopmentTeam = GZW2B37KQW;
						ProvisioningStyle = Automatic;
						TestTargetID = 0BC4A3391E633F3200A4B808;
					};
				};
			};
			buildConfigurationList = 0BC4A3351E633F3200A4B808 /* Build configuration list for PBXProject "Calculator Application" */;
			compatibilityVersion = "Xcode 3.2";
			developmentRegion = English;
			hasScannedForEncodings = 0;
			knownRegions = (
				en,
				Base,
			);
			mainGroup = 0BC4A3311E633F3200A4B808;
			productRefGroup = 0BC4A33B1E633F3200A4B808 /* Products */;
			projectDirPath = "";
			projectRoot = "";
			targets = (
				0BC4A3391E633F3200A4B808 /* Calculator Application */,
				0BC4A34D1E633F3300A4B808 /* Calculator ApplicationTests */,
				0BC4A3581E633F3300A4B808 /* Calculator ApplicationUITests */,
			);
		};
/* End PBXProject section */

/* Begin PBXResourcesBuildPhase section */
		0BC4A3381E633F3200A4B808 /* Resources */ = {
			isa = PBXResourcesBuildPhase;
			buildActionMask = 2147483647;
			files = (
				0BC4A3481E633F3200A4B808 /* LaunchScreen.storyboard in Resources */,
				0BC4A3451E633F3200A4B808 /* Assets.xcassets in Resources */,
				0BC4A3431E633F3200A4B808 /* Main.storyboard in Resources */,
			);
			runOnlyForDeploymentPostprocessing = 0;
		};
		0BC4A34C1E633F3300A4B808 /* Resources */ = {
			isa = PBXResourcesBuildPhase;
			buildActionMask = 2147483647;
			files = (
			);
			runOnlyForDeploymentPostprocessing = 0;
		};
		0BC4A3571E633F3300A4B808 /* Resources */ = {
			isa = PBXResourcesBuildPhase;
			buildActionMask = 2147483647;
			files = (
			);
			runOnlyForDeploymentPostprocessing = 0;
		};
/* End PBXResourcesBuildPhase section */

/* Begin PBXSourcesBuildPhase section */
		0BC4A3361E633F3200A4B808 /* Sources */ = {
			isa = PBXSourcesBuildPhase;
			buildActionMask = 2147483647;
			files = (
				0BC4A3401E633F3200A4B808 /* ViewController.swift in Sources */,
				0BC4A33E1E633F3200A4B808 /* AppDelegate.swift in Sources */,
			);
			runOnlyForDeploymentPostprocessing = 0;
		};
		0BC4A34A1E633F3300A4B808 /* Sources */ = {
			isa = PBXSourcesBuildPhase;
			buildActionMask = 2147483647;
			files = (
				0BC4A3531E633F3300A4B808 /* Calculator_ApplicationTests.swift in Sources */,
			);
			runOnlyForDeploymentPostprocessing = 0;
		};
		0BC4A3551E633F3300A4B808 /* Sources */ = {
			isa = PBXSourcesBuildPhase;
			buildActionMask = 2147483647;
			files = (
				0BC4A35E1E633F3300A4B808 /* Calculator_ApplicationUITests.swift in Sources */,
			);
			runOnlyForDeploymentPostprocessing = 0;
		};
/* End PBXSourcesBuildPhase section */

/* Begin PBXTargetDependency section */
		0BC4A3501E633F3300A4B808 /* PBXTargetDependency */ = {
			isa = PBXTargetDependency;
			target = 0BC4A3391E633F3200A4B808 /* Calculator Application */;
			targetProxy = 0BC4A34F1E633F3300A4B808 /* PBXContainerItemProxy */;
		};
		0BC4A35B1E633F3300A4B808 /* PBXTargetDependency */ = {
			isa = PBXTargetDependency;
			target = 0BC4A3391E633F3200A4B808 /* Calculator Application */;
			targetProxy = 0BC4A35A1E633F3300A4B808 /* PBXContainerItemProxy */;
		};
/* End PBXTargetDependency section */

/* Begin PBXVariantGroup section */
		0BC4A3411E633F3200A4B808 /* Main.storyboard */ = {
			isa = PBXVariantGroup;
			children = (
				0BC4A3421E633F3200A4B808 /* Base */,
			);
			name = Main.storyboard;
			sourceTree = "<group>";
		};
		0BC4A3461E633F3200A4B808 /* LaunchScreen.storyboard */ = {
			isa = PBXVariantGroup;
			children = (
				0BC4A3471E633F3200A4B808 /* Base */,
			);
			name = LaunchScreen.storyboard;
			sourceTree = "<group>";
		};
/* End PBXVariantGroup section */

/* Begin XCBuildConfiguration section */
		0BC4A3601E633F3300A4B808 /* Debug */ = {
			isa = XCBuildConfiguration;
			buildSettings = {
				ALWAYS_SEARCH_USER_PATHS = NO;
				CLANG_ANALYZER_NONNULL = YES;
				CLANG_CXX_LANGUAGE_STANDARD = "gnu++0x";
				CLANG_CXX_LIBRARY = "libc++";
				CLANG_ENABLE_MODULES = YES;
				CLANG_ENABLE_OBJC_ARC = YES;
				CLANG_WARN_BOOL_CONVERSION = YES;
				CLANG_WARN_CONSTANT_CONVERSION = YES;
				CLANG_WARN_DIRECT_OBJC_ISA_USAGE = YES_ERROR;
				CLANG_WARN_DOCUMENTATION_COMMENTS = YES;
				CLANG_WARN_EMPTY_BODY = YES;
				CLANG_WARN_ENUM_CONVERSION = YES;
				CLANG_WARN_INFINITE_RECURSION = YES;
				CLANG_WARN_INT_CONVERSION = YES;
				CLANG_WARN_OBJC_ROOT_CLASS = YES_ERROR;
				CLANG_WARN_SUSPICIOUS_MOVE = YES;
				CLANG_WARN_UNREACHABLE_CODE = YES;
				CLANG_WARN__DUPLICATE_METHOD_MATCH = YES;
				"CODE_SIGN_IDENTITY[sdk=iphoneos*]" = "iPhone Developer";
				COPY_PHASE_STRIP = NO;
				DEBUG_INFORMATION_FORMAT = dwarf;
				ENABLE_STRICT_OBJC_MSGSEND = YES;
				ENABLE_TESTABILITY = YES;
				GCC_C_LANGUAGE_STANDARD = gnu99;
				GCC_DYNAMIC_NO_PIC = NO;
				GCC_NO_COMMON_BLOCKS = YES;
				GCC_OPTIMIZATION_LEVEL = 0;
				GCC_PREPROCESSOR_DEFINITIONS = (
					"DEBUG=1",
					"$(inherited)",
				);
				GCC_WARN_64_TO_32_BIT_CONVERSION = YES;
				GCC_WARN_ABOUT_RETURN_TYPE = YES_ERROR;
				GCC_WARN_UNDECLARED_SELECTOR = YES;
				GCC_WARN_UNINITIALIZED_AUTOS = YES_AGGRESSIVE;
				GCC_WARN_UNUSED_FUNCTION = YES;
				GCC_WARN_UNUSED_VARIABLE = YES;
				IPHONEOS_DEPLOYMENT_TARGET = 10.2;
				MTL_ENABLE_DEBUG_INFO = YES;
				ONLY_ACTIVE_ARCH = YES;
				SDKROOT = iphoneos;
				SWIFT_ACTIVE_COMPILATION_CONDITIONS = DEBUG;
				SWIFT_OPTIMIZATION_LEVEL = "-Onone";
				TARGETED_DEVICE_FAMILY = "1,2";
			};
			name = Debug;
		};
		0BC4A3611E633F3300A4B808 /* Release */ = {
			isa = XCBuildConfiguration;
			buildSettings = {
				ALWAYS_SEARCH_USER_PATHS = NO;
				CLANG_ANALYZER_NONNULL = YES;
				CLANG_CXX_LANGUAGE_STANDARD = "gnu++0x";
				CLANG_CXX_LIBRARY = "libc++";
				CLANG_ENABLE_MODULES = YES;
				CLANG_ENABLE_OBJC_ARC = YES;
				CLANG_WARN_BOOL_CONVERSION = YES;
				CLANG_WARN_CONSTANT_CONVERSION = YES;
				CLANG_WARN_DIRECT_OBJC_ISA_USAGE = YES_ERROR;
				CLANG_WARN_DOCUMENTATION_COMMENTS = YES;
				CLANG_WARN_EMPTY_BODY = YES;
				CLANG_WARN_ENUM_CONVERSION = YES;
				CLANG_WARN_INFINITE_RECURSION = YES;
				CLANG_WARN_INT_CONVERSION = YES;
				CLANG_WARN_OBJC_ROOT_CLASS = YES_ERROR;
				CLANG_WARN_SUSPICIOUS_MOVE = YES;
				CLANG_WARN_UNREACHABLE_CODE = YES;
				CLANG_WARN__DUPLICATE_METHOD_MATCH = YES;
				"CODE_SIGN_IDENTITY[sdk=iphoneos*]" = "iPhone Developer";
				COPY_PHASE_STRIP = NO;
				DEBUG_INFORMATION_FORMAT = "dwarf-with-dsym";
				ENABLE_NS_ASSERTIONS = NO;
				ENABLE_STRICT_OBJC_MSGSEND = YES;
				GCC_C_LANGUAGE_STANDARD = gnu99;
				GCC_NO_COMMON_BLOCKS = YES;
				GCC_WARN_64_TO_32_BIT_CONVERSION = YES;
				GCC_WARN_ABOUT_RETURN_TYPE = YES_ERROR;
				GCC_WARN_UNDECLARED_SELECTOR = YES;
				GCC_WARN_UNINITIALIZED_AUTOS = YES_AGGRESSIVE;
				GCC_WARN_UNUSED_FUNCTION = YES;
				GCC_WARN_UNUSED_VARIABLE = YES;
				IPHONEOS_DEPLOYMENT_TARGET = 10.2;
				MTL_ENABLE_DEBUG_INFO = NO;
				SDKROOT = iphoneos;
				SWIFT_OPTIMIZATION_LEVEL = "-Owholemodule";
				TARGETED_DEVICE_FAMILY = "1,2";
				VALIDATE_PRODUCT = YES;
			};
			name = Release;
		};
		0BC4A3631E633F3300A4B808 /* Debug */ = {
			isa = XCBuildConfiguration;
			buildSettings = {
				ASSETCATALOG_COMPILER_APPICON_NAME = AppIcon;
				DEVELOPMENT_TEAM = GZW2B37KQW;
				INFOPLIST_FILE = "Calculator Application/Info.plist";
				LD_RUNPATH_SEARCH_PATHS = "$(inherited) @executable_path/Frameworks";
				PRODUCT_BUNDLE_IDENTIFIER = "com.maxfredmusic.Calculator-Application";
				PRODUCT_NAME = "$(TARGET_NAME)";
				SWIFT_VERSION = 3.0;
			};
			name = Debug;
		};
		0BC4A3641E633F3300A4B808 /* Release */ = {
			isa = XCBuildConfiguration;
			buildSettings = {
				ASSETCATALOG_COMPILER_APPICON_NAME = AppIcon;
				DEVELOPMENT_TEAM = GZW2B37KQW;
				INFOPLIST_FILE = "Calculator Application/Info.plist";
				LD_RUNPATH_SEARCH_PATHS = "$(inherited) @executable_path/Frameworks";
				PRODUCT_BUNDLE_IDENTIFIER = "com.maxfredmusic.Calculator-Application";
				PRODUCT_NAME = "$(TARGET_NAME)";
				SWIFT_VERSION = 3.0;
			};
			name = Release;
		};
		0BC4A3661E633F3300A4B808 /* Debug */ = {
			isa = XCBuildConfiguration;
			buildSettings = {
				ALWAYS_EMBED_SWIFT_STANDARD_LIBRARIES = YES;
				BUNDLE_LOADER = "$(TEST_HOST)";
				DEVELOPMENT_TEAM = GZW2B37KQW;
				INFOPLIST_FILE = "Calculator ApplicationTests/Info.plist";
				LD_RUNPATH_SEARCH_PATHS = "$(inherited) @executable_path/Frameworks @loader_path/Frameworks";
				PRODUCT_BUNDLE_IDENTIFIER = "com.maxfredmusic.Calculator-ApplicationTests";
				PRODUCT_NAME = "$(TARGET_NAME)";
				SWIFT_VERSION = 3.0;
				TEST_HOST = "$(BUILT_PRODUCTS_DIR)/Calculator Application.app/Calculator Application";
			};
			name = Debug;
		};
		0BC4A3671E633F3300A4B808 /* Release */ = {
			isa = XCBuildConfiguration;
			buildSettings = {
				ALWAYS_EMBED_SWIFT_STANDARD_LIBRARIES = YES;
				BUNDLE_LOADER = "$(TEST_HOST)";
				DEVELOPMENT_TEAM = GZW2B37KQW;
				INFOPLIST_FILE = "Calculator ApplicationTests/Info.plist";
				LD_RUNPATH_SEARCH_PATHS = "$(inherited) @executable_path/Frameworks @loader_path/Frameworks";
				PRODUCT_BUNDLE_IDENTIFIER = "com.maxfredmusic.Calculator-ApplicationTests";
				PRODUCT_NAME = "$(TARGET_NAME)";
				SWIFT_VERSION = 3.0;
				TEST_HOST = "$(BUILT_PRODUCTS_DIR)/Calculator Application.app/Calculator Application";
			};
			name = Release;
		};
		0BC4A3691E633F3300A4B808 /* Debug */ = {
			isa = XCBuildConfiguration;
			buildSettings = {
				ALWAYS_EMBED_SWIFT_STANDARD_LIBRARIES = YES;
				DEVELOPMENT_TEAM = GZW2B37KQW;
				INFOPLIST_FILE = "Calculator ApplicationUITests/Info.plist";
				LD_RUNPATH_SEARCH_PATHS = "$(inherited) @executable_path/Frameworks @loader_path/Frameworks";
				PRODUCT_BUNDLE_IDENTIFIER = "com.maxfredmusic.Calculator-ApplicationUITests";
				PRODUCT_NAME = "$(TARGET_NAME)";
				SWIFT_VERSION = 3.0;
				TEST_TARGET_NAME = "Calculator Application";
			};
			name = Debug;
		};
		0BC4A36A1E633F3300A4B808 /* Release */ = {
			isa = XCBuildConfiguration;
			buildSettings = {
				ALWAYS_EMBED_SWIFT_STANDARD_LIBRARIES = YES;
				DEVELOPMENT_TEAM = GZW2B37KQW;
				INFOPLIST_FILE = "Calculator ApplicationUITests/Info.plist";
				LD_RUNPATH_SEARCH_PATHS = "$(inherited) @executable_path/Frameworks @loader_path/Frameworks";
				PRODUCT_BUNDLE_IDENTIFIER = "com.maxfredmusic.Calculator-ApplicationUITests";
				PRODUCT_NAME = "$(TARGET_NAME)";
				SWIFT_VERSION = 3.0;
				TEST_TARGET_NAME = "Calculator Application";
			};
			name = Release;
		};
/* End XCBuildConfiguration section */

/* Begin XCConfigurationList section */
		0BC4A3351E633F3200A4B808 /* Build configuration list for PBXProject "Calculator Application" */ = {
			isa = XCConfigurationList;
			buildConfigurations = (
				0BC4A3601E633F3300A4B808 /* Debug */,
				0BC4A3611E633F3300A4B808 /* Release */,
			);
			defaultConfigurationIsVisible = 0;
			defaultConfigurationName = Release;
		};
		0BC4A3621E633F3300A4B808 /* Build configuration list for PBXNativeTarget "Calculator Application" */ = {
			isa = XCConfigurationList;
			buildConfigurations = (
				0BC4A3631E633F3300A4B808 /* Debug */,
				0BC4A3641E633F3300A4B808 /* Release */,
			);
			defaultConfigurationIsVisible = 0;
		};
		0BC4A3651E633F3300A4B808 /* Build configuration list for PBXNativeTarget "Calculator ApplicationTests" */ = {
			isa = XCConfigurationList;
			buildConfigurations = (
				0BC4A3661E633F3300A4B808 /* Debug */,
				0BC4A3671E633F3300A4B808 /* Release */,
			);
			defaultConfigurationIsVisible = 0;
		};
		0BC4A3681E633F3300A4B808 /* Build configuration list for PBXNativeTarget "Calculator ApplicationUITests" */ = {
			isa = XCConfigurationList;
			buildConfigurations = (
				0BC4A3691E633F3300A4B808 /* Debug */,
				0BC4A36A1E633F3300A4B808 /* Release */,
			);
			defaultConfigurationIsVisible = 0;
		};
/* End XCConfigurationList section */
	};
	rootObject = 0BC4A3321E633F3200A4B808 /* Project object */;
}
